
Microsoft Visual Studio Solution File, Format Version 12.00
# Visual Studio Version 17
VisualStudioVersion = 17.9.34714.143
MinimumVisualStudioVersion = 10.0.40219.1
Project("{FAE04EC0-301F-11D3-BF4B-00C04F79EFBC}") = "Praktika5", "Praktika5\Praktika5.csproj", "{274B4A9D-1F3D-4257-9A8F-76B2C71060A8}"
EndProject
Global
	GlobalSection(SolutionConfigurationPlatforms) = preSolution
		Debug|Any CPU = Debug|Any CPU
		Release|Any CPU = Release|Any CPU
	EndGlobalSection
	GlobalSection(ProjectConfigurationPlatforms) = postSolution
		{274B4A9D-1F3D-4257-9A8F-76B2C71060A8}.Debug|Any CPU.ActiveCfg = Debug|Any CPU
		{274B4A9D-1F3D-4257-9A8F-76B2C71060A8}.Debug|Any CPU.Build.0 = Debug|Any CPU
		{274B4A9D-1F3D-4257-9A8F-76B2C71060A8}.Release|Any CPU.ActiveCfg = Release|Any CPU
		{274B4A9D-1F3D-4257-9A8F-76B2C71060A8}.Release|Any CPU.Build.0 = Release|Any CPU
	EndGlobalSection
	GlobalSection(SolutionProperties) = preSolution
		HideSolutionNode = FALSE
	EndGlobalSection
	GlobalSection(ExtensibilityGlobals) = postSolution
		SolutionGuid = {4B43A7CA-C655-47D0-AD69-7DD5728FB3C0}
	EndGlobalSection
EndGlobal
